// !$*UTF8*$!
{
	archiveVersion = 1;
	classes = {
	};
	objectVersion = 46;
	objects = {

/* Begin PBXBuildFile section */
		F4F34CD71D27268800BAFAE7 /* AppDelegate.swift in Sources */ = {isa = PBXBuildFile; fileRef = F4F34CD61D27268800BAFAE7 /* AppDelegate.swift */; };
		F4F34CD91D27268800BAFAE7 /* ViewController.swift in Sources */ = {isa = PBXBuildFile; fileRef = F4F34CD81D27268800BAFAE7 /* ViewController.swift */; };
		F4F34CDC1D27268800BAFAE7 /* Main.storyboard in Resources */ = {isa = PBXBuildFile; fileRef = F4F34CDA1D27268800BAFAE7 /* Main.storyboard */; };
		F4F34CDE1D27268800BAFAE7 /* Assets.xcassets in Resources */ = {isa = PBXBuildFile; fileRef = F4F34CDD1D27268800BAFAE7 /* Assets.xcassets */; };
		F4F34CE11D27268800BAFAE7 /* LaunchScreen.storyboard in Resources */ = {isa = PBXBuildFile; fileRef = F4F34CDF1D27268800BAFAE7 /* LaunchScreen.storyboard */; };
		F4F34CEC1D27268900BAFAE7 /* ColorsTests.swift in Sources */ = {isa = PBXBuildFile; fileRef = F4F34CEB1D27268900BAFAE7 /* ColorsTests.swift */; };
		F4F34CF71D27268900BAFAE7 /* ColorsUITests.swift in Sources */ = {isa = PBXBuildFile; fileRef = F4F34CF61D27268900BAFAE7 /* ColorsUITests.swift */; };
/* End PBXBuildFile section */

/* Begin PBXContainerItemProxy section */
		F4F34CE81D27268900BAFAE7 /* PBXContainerItemProxy */ = {
			isa = PBXContainerItemProxy;
			containerPortal = F4F34CCB1D27268800BAFAE7 /* Project object */;
			proxyType = 1;
			remoteGlobalIDString = F4F34CD21D27268800BAFAE7;
			remoteInfo = Colors;
		};
		F4F34CF31D27268900BAFAE7 /* PBXContainerItemProxy */ = {
			isa = PBXContainerItemProxy;
			containerPortal = F4F34CCB1D27268800BAFAE7 /* Project object */;
			proxyType = 1;
			remoteGlobalIDString = F4F34CD21D27268800BAFAE7;
			remoteInfo = Colors;
		};
/* End PBXContainerItemProxy section */

/* Begin PBXFileReference section */
		F4F34CD31D27268800BAFAE7 /* Colors.app */ = {isa = PBXFileReference; explicitFileType = wrapper.application; includeInIndex = 0; path = Colors.app; sourceTree = BUILT_PRODUCTS_DIR; };
		F4F34CD61D27268800BAFAE7 /* AppDelegate.swift */ = {isa = PBXFileReference; lastKnownFileType = sourcecode.swift; path = AppDelegate.swift; sourceTree = "<group>"; };
		F4F34CD81D27268800BAFAE7 /* ViewController.swift */ = {isa = PBXFileReference; lastKnownFileType = sourcecode.swift; path = ViewController.swift; sourceTree = "<group>"; };
		F4F34CDB1D27268800BAFAE7 /* Base */ = {isa = PBXFileReference; lastKnownFileType = file.storyboard; name = Base; path = Base.lproj/Main.storyboard; sourceTree = "<group>"; };
		F4F34CDD1D27268800BAFAE7 /* Assets.xcassets */ = {isa = PBXFileReference; lastKnownFileType = folder.assetcatalog; path = Assets.xcassets; sourceTree = "<group>"; };
		F4F34CE01D27268800BAFAE7 /* Base */ = {isa = PBXFileReference; lastKnownFileType = file.storyboard; name = Base; path = Base.lproj/LaunchScreen.storyboard; sourceTree = "<group>"; };
		F4F34CE21D27268800BAFAE7 /* Info.plist */ = {isa = PBXFileReference; lastKnownFileType = text.plist.xml; path = Info.plist; sourceTree = "<group>"; };
		F4F34CE71D27268900BAFAE7 /* ColorsTests.xctest */ = {isa = PBXFileReference; explicitFileType = wrapper.cfbundle; includeInIndex = 0; path = ColorsTests.xctest; sourceTree = BUILT_PRODUCTS_DIR; };
		F4F34CEB1D27268900BAFAE7 /* ColorsTests.swift */ = {isa = PBXFileReference; lastKnownFileType = sourcecode.swift; path = ColorsTests.swift; sourceTree = "<group>"; };
		F4F34CED1D27268900BAFAE7 /* Info.plist */ = {isa = PBXFileReference; lastKnownFileType = text.plist.xml; path = Info.plist; sourceTree = "<group>"; };
		F4F34CF21D27268900BAFAE7 /* ColorsUITests.xctest */ = {isa = PBXFileReference; explicitFileType = wrapper.cfbundle; includeInIndex = 0; path = ColorsUITests.xctest; sourceTree = BUILT_PRODUCTS_DIR; };
		F4F34CF61D27268900BAFAE7 /* ColorsUITests.swift */ = {isa = PBXFileReference; lastKnownFileType = sourcecode.swift; path = ColorsUITests.swift; sourceTree = "<group>"; };
		F4F34CF81D27268900BAFAE7 /* Info.plist */ = {isa = PBXFileReference; lastKnownFileType = text.plist.xml; path = Info.plist; sourceTree = "<group>"; };
/* End PBXFileReference section */

/* Begin PBXFrameworksBuildPhase section */
		F4F34CD01D27268800BAFAE7 /* Frameworks */ = {
			isa = PBXFrameworksBuildPhase;
			buildActionMask = 2147483647;
			files = (
			);
			runOnlyForDeploymentPostprocessing = 0;
		};
		F4F34CE41D27268900BAFAE7 /* Frameworks */ = {
			isa = PBXFrameworksBuildPhase;
			buildActionMask = 2147483647;
			files = (
			);
			runOnlyForDeploymentPostprocessing = 0;
		};
		F4F34CEF1D27268900BAFAE7 /* Frameworks */ = {
			isa = PBXFrameworksBuildPhase;
			buildActionMask = 2147483647;
			files = (
			);
			runOnlyForDeploymentPostprocessing = 0;
		};
/* End PBXFrameworksBuildPhase section */

/* Begin PBXGroup section */
		F4F34CCA1D27268800BAFAE7 = {
			isa = PBXGroup;
			children = (
				F4F34CD51D27268800BAFAE7 /* Colors */,
				F4F34CEA1D27268900BAFAE7 /* ColorsTests */,
				F4F34CF51D27268900BAFAE7 /* ColorsUITests */,
				F4F34CD41D27268800BAFAE7 /* Products */,
			);
			sourceTree = "<group>";
		};
		F4F34CD41D27268800BAFAE7 /* Products */ = {
			isa = PBXGroup;
			children = (
				F4F34CD31D27268800BAFAE7 /* Colors.app */,
				F4F34CE71D27268900BAFAE7 /* ColorsTests.xctest */,
				F4F34CF21D27268900BAFAE7 /* ColorsUITests.xctest */,
			);
			name = Products;
			sourceTree = "<group>";
		};
		F4F34CD51D27268800BAFAE7 /* Colors */ = {
			isa = PBXGroup;
			children = (
				F4F34CD61D27268800BAFAE7 /* AppDelegate.swift */,
				F4F34CD81D27268800BAFAE7 /* ViewController.swift */,
				F4F34CDA1D27268800BAFAE7 /* Main.storyboard */,
				F4F34CDD1D27268800BAFAE7 /* Assets.xcassets */,
				F4F34CDF1D27268800BAFAE7 /* LaunchScreen.storyboard */,
				F4F34CE21D27268800BAFAE7 /* Info.plist */,
			);
			path = Colors;
			sourceTree = "<group>";
		};
		F4F34CEA1D27268900BAFAE7 /* ColorsTests */ = {
			isa = PBXGroup;
			children = (
				F4F34CEB1D27268900BAFAE7 /* ColorsTests.swift */,
				F4F34CED1D27268900BAFAE7 /* Info.plist */,
			);
			path = ColorsTests;
			sourceTree = "<group>";
		};
		F4F34CF51D27268900BAFAE7 /* ColorsUITests */ = {
			isa = PBXGroup;
			children = (
				F4F34CF61D27268900BAFAE7 /* ColorsUITests.swift */,
				F4F34CF81D27268900BAFAE7 /* Info.plist */,
			);
			path = ColorsUITests;
			sourceTree = "<group>";
		};
/* End PBXGroup section */

/* Begin PBXNativeTarget section */
		F4F34CD21D27268800BAFAE7 /* Colors */ = {
			isa = PBXNativeTarget;
			buildConfigurationList = F4F34CFB1D27268900BAFAE7 /* Build configuration list for PBXNativeTarget "Colors" */;
			buildPhases = (
				F4F34CCF1D27268800BAFAE7 /* Sources */,
				F4F34CD01D27268800BAFAE7 /* Frameworks */,
				F4F34CD11D27268800BAFAE7 /* Resources */,
			);
			buildRules = (
			);
			dependencies = (
			);
			name = Colors;
			productName = Colors;
			productReference = F4F34CD31D27268800BAFAE7 /* Colors.app */;
			productType = "com.apple.product-type.application";
		};
		F4F34CE61D27268900BAFAE7 /* ColorsTests */ = {
			isa = PBXNativeTarget;
			buildConfigurationList = F4F34CFE1D27268900BAFAE7 /* Build configuration list for PBXNativeTarget "ColorsTests" */;
			buildPhases = (
				F4F34CE31D27268900BAFAE7 /* Sources */,
				F4F34CE41D27268900BAFAE7 /* Frameworks */,
				F4F34CE51D27268900BAFAE7 /* Resources */,
			);
			buildRules = (
			);
			dependencies = (
				F4F34CE91D27268900BAFAE7 /* PBXTargetDependency */,
			);
			name = ColorsTests;
			productName = ColorsTests;
			productReference = F4F34CE71D27268900BAFAE7 /* ColorsTests.xctest */;
			productType = "com.apple.product-type.bundle.unit-test";
		};
		F4F34CF11D27268900BAFAE7 /* ColorsUITests */ = {
			isa = PBXNativeTarget;
			buildConfigurationList = F4F34D011D27268900BAFAE7 /* Build configuration list for PBXNativeTarget "ColorsUITests" */;
			buildPhases = (
				F4F34CEE1D27268900BAFAE7 /* Sources */,
				F4F34CEF1D27268900BAFAE7 /* Frameworks */,
				F4F34CF01D27268900BAFAE7 /* Resources */,
			);
			buildRules = (
			);
			dependencies = (
				F4F34CF41D27268900BAFAE7 /* PBXTargetDependency */,
			);
			name = ColorsUITests;
			productName = ColorsUITests;
			productReference = F4F34CF21D27268900BAFAE7 /* ColorsUITests.xctest */;
			productType = "com.apple.product-type.bundle.ui-testing";
		};
/* End PBXNativeTarget section */

/* Begin PBXProject section */
		F4F34CCB1D27268800BAFAE7 /* Project object */ = {
			isa = PBXProject;
			attributes = {
				LastSwiftUpdateCheck = 0730;
				LastUpgradeCheck = 0730;
				ORGANIZATIONNAME = Edgar;
				TargetAttributes = {
					F4F34CD21D27268800BAFAE7 = {
						CreatedOnToolsVersion = 7.3.1;
						DevelopmentTeam = 54N4S9E945;
					};
					F4F34CE61D27268900BAFAE7 = {
						CreatedOnToolsVersion = 7.3.1;
						TestTargetID = F4F34CD21D27268800BAFAE7;
					};
					F4F34CF11D27268900BAFAE7 = {
						CreatedOnToolsVersion = 7.3.1;
						TestTargetID = F4F34CD21D27268800BAFAE7;
					};
				};
			};
			buildConfigurationList = F4F34CCE1D27268800BAFAE7 /* Build configuration list for PBXProject "Colors" */;
			compatibilityVersion = "Xcode 3.2";
			developmentRegion = English;
			hasScannedForEncodings = 0;
			knownRegions = (
				en,
				Base,
			);
			mainGroup = F4F34CCA1D27268800BAFAE7;
			productRefGroup = F4F34CD41D27268800BAFAE7 /* Products */;
			projectDirPath = "";
			projectRoot = "";
			targets = (
				F4F34CD21D27268800BAFAE7 /* Colors */,
				F4F34CE61D27268900BAFAE7 /* ColorsTests */,
				F4F34CF11D27268900BAFAE7 /* ColorsUITests */,
			);
		};
/* End PBXProject section */

/* Begin PBXResourcesBuildPhase section */
		F4F34CD11D27268800BAFAE7 /* Resources */ = {
			isa = PBXResourcesBuildPhase;
			buildActionMask = 2147483647;
			files = (
				F4F34CE11D27268800BAFAE7 /* LaunchScreen.storyboard in Resources */,
				F4F34CDE1D27268800BAFAE7 /* Assets.xcassets in Resources */,
				F4F34CDC1D27268800BAFAE7 /* Main.storyboard in Resources */,
			);
			runOnlyForDeploymentPostprocessing = 0;
		};
		F4F34CE51D27268900BAFAE7 /* Resources */ = {
			isa = PBXResourcesBuildPhase;
			buildActionMask = 2147483647;
			files = (
			);
			runOnlyForDeploymentPostprocessing = 0;
		};
		F4F34CF01D27268900BAFAE7 /* Resources */ = {
			isa = PBXResourcesBuildPhase;
			buildActionMask = 2147483647;
			files = (
			);
			runOnlyForDeploymentPostprocessing = 0;
		};
/* End PBXResourcesBuildPhase section */

/* Begin PBXSourcesBuildPhase section */
		F4F34CCF1D27268800BAFAE7 /* Sources */ = {
			isa = PBXSourcesBuildPhase;
			buildActionMask = 2147483647;
			files = (
				F4F34CD91D27268800BAFAE7 /* ViewController.swift in Sources */,
				F4F34CD71D27268800BAFAE7 /* AppDelegate.swift in Sources */,
			);
			runOnlyForDeploymentPostprocessing = 0;
		};
		F4F34CE31D27268900BAFAE7 /* Sources */ = {
			isa = PBXSourcesBuildPhase;
			buildActionMask = 2147483647;
			files = (
				F4F34CEC1D27268900BAFAE7 /* ColorsTests.swift in Sources */,
			);
			runOnlyForDeploymentPostprocessing = 0;
		};
		F4F34CEE1D27268900BAFAE7 /* Sources */ = {
			isa = PBXSourcesBuildPhase;
			buildActionMask = 2147483647;
			files = (
				F4F34CF71D27268900BAFAE7 /* ColorsUITests.swift in Sources */,
			);
			runOnlyForDeploymentPostprocessing = 0;
		};
/* End PBXSourcesBuildPhase section */

/* Begin PBXTargetDependency section */
		F4F34CE91D27268900BAFAE7 /* PBXTargetDependency */ = {
			isa = PBXTargetDependency;
			target = F4F34CD21D27268800BAFAE7 /* Colors */;
			targetProxy = F4F34CE81D27268900BAFAE7 /* PBXContainerItemProxy */;
		};
		F4F34CF41D27268900BAFAE7 /* PBXTargetDependency */ = {
			isa = PBXTargetDependency;
			target = F4F34CD21D27268800BAFAE7 /* Colors */;
			targetProxy = F4F34CF31D27268900BAFAE7 /* PBXContainerItemProxy */;
		};
/* End PBXTargetDependency section */

/* Begin PBXVariantGroup section */
		F4F34CDA1D27268800BAFAE7 /* Main.storyboard */ = {
			isa = PBXVariantGroup;
			children = (
				F4F34CDB1D27268800BAFAE7 /* Base */,
			);
			name = Main.storyboard;
			sourceTree = "<group>";
		};
		F4F34CDF1D27268800BAFAE7 /* LaunchScreen.storyboard */ = {
			isa = PBXVariantGroup;
			children = (
				F4F34CE01D27268800BAFAE7 /* Base */,
			);
			name = LaunchScreen.storyboard;
			sourceTree = "<group>";
		};
/* End PBXVariantGroup section */

/* Begin XCBuildConfiguration section */
		F4F34CF91D27268900BAFAE7 /* Debug */ = {
			isa = XCBuildConfiguration;
			buildSettings = {
				ALWAYS_SEARCH_USER_PATHS = NO;
				CLANG_ANALYZER_NONNULL = YES;
				CLANG_CXX_LANGUAGE_STANDARD = "gnu++0x";
				CLANG_CXX_LIBRARY = "libc++";
				CLANG_ENABLE_MODULES = YES;
				CLANG_ENABLE_OBJC_ARC = YES;
				CLANG_WARN_BOOL_CONVERSION = YES;
				CLANG_WARN_CONSTANT_CONVERSION = YES;
				CLANG_WARN_DIRECT_OBJC_ISA_USAGE = YES_ERROR;
				CLANG_WARN_EMPTY_BODY = YES;
				CLANG_WARN_ENUM_CONVERSION = YES;
				CLANG_WARN_INT_CONVERSION = YES;
				CLANG_WARN_OBJC_ROOT_CLASS = YES_ERROR;
				CLANG_WARN_UNREACHABLE_CODE = YES;
				CLANG_WARN__DUPLICATE_METHOD_MATCH = YES;
				"CODE_SIGN_IDENTITY[sdk=iphoneos*]" = "iPhone Developer";
				COPY_PHASE_STRIP = NO;
				DEBUG_INFORMATION_FORMAT = dwarf;
				ENABLE_STRICT_OBJC_MSGSEND = YES;
				ENABLE_TESTABILITY = YES;
				GCC_C_LANGUAGE_STANDARD = gnu99;
				GCC_DYNAMIC_NO_PIC = NO;
				GCC_NO_COMMON_BLOCKS = YES;
				GCC_OPTIMIZATION_LEVEL = 0;
				GCC_PREPROCESSOR_DEFINITIONS = (
					"DEBUG=1",
					"$(inherited)",
				);
				GCC_WARN_64_TO_32_BIT_CONVERSION = YES;
				GCC_WARN_ABOUT_RETURN_TYPE = YES_ERROR;
				GCC_WARN_UNDECLARED_SELECTOR = YES;
				GCC_WARN_UNINITIALIZED_AUTOS = YES_AGGRESSIVE;
				GCC_WARN_UNUSED_FUNCTION = YES;
				GCC_WARN_UNUSED_VARIABLE = YES;
				IPHONEOS_DEPLOYMENT_TARGET = 9.3;
				MTL_ENABLE_DEBUG_INFO = YES;
				ONLY_ACTIVE_ARCH = YES;
				SDKROOT = iphoneos;
				SWIFT_OPTIMIZATION_LEVEL = "-Onone";
				TARGETED_DEVICE_FAMILY = "1,2";
			};
			name = Debug;
		};
		F4F34CFA1D27268900BAFAE7 /* Release */ = {
			isa = XCBuildConfiguration;
			buildSettings = {
				ALWAYS_SEARCH_USER_PATHS = NO;
				CLANG_ANALYZER_NONNULL = YES;
				CLANG_CXX_LANGUAGE_STANDARD = "gnu++0x";
				CLANG_CXX_LIBRARY = "libc++";
				CLANG_ENABLE_MODULES = YES;
				CLANG_ENABLE_OBJC_ARC = YES;
				CLANG_WARN_BOOL_CONVERSION = YES;
				CLANG_WARN_CONSTANT_CONVERSION = YES;
				CLANG_WARN_DIRECT_OBJC_ISA_USAGE = YES_ERROR;
				CLANG_WARN_EMPTY_BODY = YES;
				CLANG_WARN_ENUM_CONVERSION = YES;
				CLANG_WARN_INT_CONVERSION = YES;
				CLANG_WARN_OBJC_ROOT_CLASS = YES_ERROR;
				CLANG_WARN_UNREACHABLE_CODE = YES;
				CLANG_WARN__DUPLICATE_METHOD_MATCH = YES;
				"CODE_SIGN_IDENTITY[sdk=iphoneos*]" = "iPhone Developer";
				COPY_PHASE_STRIP = NO;
				DEBUG_INFORMATION_FORMAT = "dwarf-with-dsym";
				ENABLE_NS_ASSERTIONS = NO;
				ENABLE_STRICT_OBJC_MSGSEND = YES;
				GCC_C_LANGUAGE_STANDARD = gnu99;
				GCC_NO_COMMON_BLOCKS = YES;
				GCC_WARN_64_TO_32_BIT_CONVERSION = YES;
				GCC_WARN_ABOUT_RETURN_TYPE = YES_ERROR;
				GCC_WARN_UNDECLARED_SELECTOR = YES;
				GCC_WARN_UNINITIALIZED_AUTOS = YES_AGGRESSIVE;
				GCC_WARN_UNUSED_FUNCTION = YES;
				GCC_WARN_UNUSED_VARIABLE = YES;
				IPHONEOS_DEPLOYMENT_TARGET = 9.3;
				MTL_ENABLE_DEBUG_INFO = NO;
				SDKROOT = iphoneos;
				TARGETED_DEVICE_FAMILY = "1,2";
				VALIDATE_PRODUCT = YES;
			};
			name = Release;
		};
		F4F34CFC1D27268900BAFAE7 /* Debug */ = {
			isa = XCBuildConfiguration;
			buildSettings = {
				ASSETCATALOG_COMPILER_APPICON_NAME = AppIcon;
				CODE_SIGN_IDENTITY = "iPhone Developer";
				"CODE_SIGN_IDENTITY[sdk=iphoneos*]" = "iPhone Developer";
				INFOPLIST_FILE = Colors/Info.plist;
				LD_RUNPATH_SEARCH_PATHS = "$(inherited) @executable_path/Frameworks";
				PRODUCT_BUNDLE_IDENTIFIER = com.whatsupnow.Colors;
				PRODUCT_NAME = "$(TARGET_NAME)";
				PROVISIONING_PROFILE = "";
			};
			name = Debug;
		};
		F4F34CFD1D27268900BAFAE7 /* Release */ = {
			isa = XCBuildConfiguration;
			buildSettings = {
				ASSETCATALOG_COMPILER_APPICON_NAME = AppIcon;
				CODE_SIGN_IDENTITY = "iPhone Developer";
				"CODE_SIGN_IDENTITY[sdk=iphoneos*]" = "iPhone Developer";
				INFOPLIST_FILE = Colors/Info.plist;
				LD_RUNPATH_SEARCH_PATHS = "$(inherited) @executable_path/Frameworks";
				PRODUCT_BUNDLE_IDENTIFIER = com.whatsupnow.Colors;
				PRODUCT_NAME = "$(TARGET_NAME)";
				PROVISIONING_PROFILE = "";
			};
			name = Release;
		};
		F4F34CFF1D27268900BAFAE7 /* Debug */ = {
			isa = XCBuildConfiguration;
			buildSettings = {
				BUNDLE_LOADER = "$(TEST_HOST)";
				INFOPLIST_FILE = ColorsTests/Info.plist;
				LD_RUNPATH_SEARCH_PATHS = "$(inherited) @executable_path/Frameworks @loader_path/Frameworks";
				PRODUCT_BUNDLE_IDENTIFIER = com.whatsupnow.ColorsTests;
				PRODUCT_NAME = "$(TARGET_NAME)";
				TEST_HOST = "$(BUILT_PRODUCTS_DIR)/Colors.app/Colors";
			};
			name = Debug;
		};
		F4F34D001D27268900BAFAE7 /* Release */ = {
			isa = XCBuildConfiguration;
			buildSettings = {
				BUNDLE_LOADER = "$(TEST_HOST)";
				INFOPLIST_FILE = ColorsTests/Info.plist;
				LD_RUNPATH_SEARCH_PATHS = "$(inherited) @executable_path/Frameworks @loader_path/Frameworks";
				PRODUCT_BUNDLE_IDENTIFIER = com.whatsupnow.ColorsTests;
				PRODUCT_NAME = "$(TARGET_NAME)";
				TEST_HOST = "$(BUILT_PRODUCTS_DIR)/Colors.app/Colors";
			};
			name = Release;
		};
		F4F34D021D27268900BAFAE7 /* Debug */ = {
			isa = XCBuildConfiguration;
			buildSettings = {
				INFOPLIST_FILE = ColorsUITests/Info.plist;
				LD_RUNPATH_SEARCH_PATHS = "$(inherited) @executable_path/Frameworks @loader_path/Frameworks";
				PRODUCT_BUNDLE_IDENTIFIER = com.whatsupnow.ColorsUITests;
				PRODUCT_NAME = "$(TARGET_NAME)";
				TEST_TARGET_NAME = Colors;
			};
			name = Debug;
		};
		F4F34D031D27268900BAFAE7 /* Release */ = {
			isa = XCBuildConfiguration;
			buildSettings = {
				INFOPLIST_FILE = ColorsUITests/Info.plist;
				LD_RUNPATH_SEARCH_PATHS = "$(inherited) @executable_path/Frameworks @loader_path/Frameworks";
				PRODUCT_BUNDLE_IDENTIFIER = com.whatsupnow.ColorsUITests;
				PRODUCT_NAME = "$(TARGET_NAME)";
				TEST_TARGET_NAME = Colors;
			};
			name = Release;
		};
/* End XCBuildConfiguration section */

/* Begin XCConfigurationList section */
		F4F34CCE1D27268800BAFAE7 /* Build configuration list for PBXProject "Colors" */ = {
			isa = XCConfigurationList;
			buildConfigurations = (
				F4F34CF91D27268900BAFAE7 /* Debug */,
				F4F34CFA1D27268900BAFAE7 /* Release */,
			);
			defaultConfigurationIsVisible = 0;
			defaultConfigurationName = Release;
		};
		F4F34CFB1D27268900BAFAE7 /* Build configuration list for PBXNativeTarget "Colors" */ = {
			isa = XCConfigurationList;
			buildConfigurations = (
				F4F34CFC1D27268900BAFAE7 /* Debug */,
				F4F34CFD1D27268900BAFAE7 /* Release */,
			);
			defaultConfigurationIsVisible = 0;
		};
		F4F34CFE1D27268900BAFAE7 /* Build configuration list for PBXNativeTarget "ColorsTests" */ = {
			isa = XCConfigurationList;
			buildConfigurations = (
				F4F34CFF1D27268900BAFAE7 /* Debug */,
				F4F34D001D27268900BAFAE7 /* Release */,
			);
			defaultConfigurationIsVisible = 0;
		};
		F4F34D011D27268900BAFAE7 /* Build configuration list for PBXNativeTarget "ColorsUITests" */ = {
			isa = XCConfigurationList;
			buildConfigurations = (
				F4F34D021D27268900BAFAE7 /* Debug */,
				F4F34D031D27268900BAFAE7 /* Release */,
			);
			defaultConfigurationIsVisible = 0;
		};
/* End XCConfigurationList section */
	};
	rootObject = F4F34CCB1D27268800BAFAE7 /* Project object */;
}
